<?xml version="1.0" encoding="utf-8"?>
<Project ToolsVersion="4.0" xmlns="http://schemas.microsoft.com/developer/msbuild/2003">
  <ItemGroup>
    <Filter Include="源文件">
      <UniqueIdentifier>{4FC737F1-C7A5-4376-A066-2A32D752A2FF}</UniqueIdentifier>
      <Extensions>cpp;c;cc;cxx;c++;def;odl;idl;hpj;bat;asm;asmx</Extensions>
    </Filter>
    <Filter Include="资源文件">
      <UniqueIdentifier>{67DA6AB6-F800-4c08-8B7A-83BB121AAD01}</UniqueIdentifier>
      <Extensions>rc;ico;cur;bmp;dlg;rc2;rct;bin;rgs;gif;jpg;jpeg;jpe;resx;tiff;tif;png;wav;mfcribbon-ms</Extensions>
    </Filter>
    <Filter Include="头文件">
      <UniqueIdentifier>{93995380-89BD-4b04-88EB-625FBE52EBFB}</UniqueIdentifier>
      <Extensions>h;hh;hpp;hxx;h++;hm;inl;inc;ipp;xsd</Extensions>
    </Filter>
  </ItemGroup>
  <ItemGroup>
    <ClCompile Include="A1001.cpp">
      <Filter>源文件</Filter>
    </ClCompile>
    <ClCompile Include="A1005.cpp">
      <Filter>源文件</Filter>
    </ClCompile>
    <ClCompile Include="A1006.cpp">
      <Filter>源文件</Filter>
    </ClCompile>
    <ClCompile Include="A1035.cpp">
      <Filter>源文件</Filter>
    </ClCompile>
    <ClCompile Include="A1036.cpp">
      <Filter>源文件</Filter>
    </ClCompile>
    <ClCompile Include="A1050.cpp">
      <Filter>源文件</Filter>
    </ClCompile>
    <ClCompile Include="A1071.cpp">
      <Filter>源文件</Filter>
    </ClCompile>
    <ClCompile Include="A1061.cpp">
      <Filter>源文件</Filter>
    </ClCompile>
    <ClCompile Include="A1016.cpp">
      <Filter>源文件</Filter>
    </ClCompile>
    <ClCompile Include="A1017.cpp">
      <Filter>源文件</Filter>
    </ClCompile>
    <ClCompile Include="A1026.cpp">
      <Filter>源文件</Filter>
    </ClCompile>
    <ClCompile Include="A1002.cpp">
      <Filter>源文件</Filter>
    </ClCompile>
    <ClCompile Include="A1009.cpp">
      <Filter>源文件</Filter>
    </ClCompile>
    <ClCompile Include="A1023.cpp">
      <Filter>源文件</Filter>
    </ClCompile>
    <ClCompile Include="A1024.cpp">
      <Filter>源文件</Filter>
    </ClCompile>
    <ClCompile Include="A1058.cpp">
      <Filter>源文件</Filter>
    </ClCompile>
    <ClCompile Include="A1136.cpp">
      <Filter>源文件</Filter>
    </ClCompile>
    <ClCompile Include="A1010.cpp">
      <Filter>源文件</Filter>
    </ClCompile>
    <ClCompile Include="A1015.cpp">
      <Filter>源文件</Filter>
    </ClCompile>
    <ClCompile Include="A1027.cpp">
      <Filter>源文件</Filter>
    </ClCompile>
    <ClCompile Include="A1100.cpp">
      <Filter>源文件</Filter>
    </ClCompile>
    <ClCompile Include="A1012.cpp">
      <Filter>源文件</Filter>
    </ClCompile>
    <ClCompile Include="A1022.cpp">
      <Filter>源文件</Filter>
    </ClCompile>
    <ClCompile Include="A1025.cpp">
      <Filter>源文件</Filter>
    </ClCompile>
    <ClCompile Include="A1028.cpp">
      <Filter>源文件</Filter>
    </ClCompile>
    <ClCompile Include="A1004.cpp">
      <Filter>源文件</Filter>
    </ClCompile>
    <ClCompile Include="A1039.cpp">
      <Filter>源文件</Filter>
    </ClCompile>
    <ClCompile Include="A1052.cpp">
      <Filter>源文件</Filter>
    </ClCompile>
    <ClCompile Include="A1075.cpp">
      <Filter>源文件</Filter>
    </ClCompile>
    <ClCompile Include="A1098.cpp">
      <Filter>源文件</Filter>
    </ClCompile>
    <ClCompile Include="A1020.cpp">
      <Filter>源文件</Filter>
    </ClCompile>
    <ClCompile Include="ACW836.cpp">
      <Filter>源文件</Filter>
    </ClCompile>
    <ClCompile Include="A1021.cpp">
      <Filter>源文件</Filter>
    </ClCompile>
    <ClCompile Include="ACW790.cpp">
      <Filter>源文件</Filter>
    </ClCompile>
    <ClCompile Include="A1043.cpp">
      <Filter>源文件</Filter>
    </ClCompile>
    <ClCompile Include="A1064.cpp">
      <Filter>源文件</Filter>
    </ClCompile>
    <ClCompile Include="A1086.cpp">
      <Filter>源文件</Filter>
    </ClCompile>
    <ClCompile Include="A1099.cpp">
      <Filter>源文件</Filter>
    </ClCompile>
    <ClCompile Include="A1102.cpp">
      <Filter>源文件</Filter>
    </ClCompile>
    <ClCompile Include="A1110.cpp">
      <Filter>源文件</Filter>
    </ClCompile>
    <ClCompile Include="A1115.cpp">
      <Filter>源文件</Filter>
    </ClCompile>
    <ClCompile Include="A1119.cpp">
      <Filter>源文件</Filter>
    </ClCompile>
    <ClCompile Include="A1127.cpp">
      <Filter>源文件</Filter>
    </ClCompile>
    <ClCompile Include="A1138.cpp">
      <Filter>源文件</Filter>
    </ClCompile>
    <ClCompile Include="A1051.cpp">
      <Filter>源文件</Filter>
    </ClCompile>
    <ClCompile Include="A1066.cpp">
      <Filter>源文件</Filter>
    </ClCompile>
    <ClCompile Include="A1123.cpp">
      <Filter>源文件</Filter>
    </ClCompile>
    <ClCompile Include="A1135.cpp">
      <Filter>源文件</Filter>
    </ClCompile>
    <ClCompile Include="A1053.cpp">
      <Filter>源文件</Filter>
    </ClCompile>
    <ClCompile Include="A1094.cpp">
      <Filter>源文件</Filter>
    </ClCompile>
  </ItemGroup>
  <ItemGroup>
    <Text Include="in.txt">
      <Filter>资源文件</Filter>
    </Text>
    <Text Include="out.txt">
      <Filter>资源文件</Filter>
    </Text>
  </ItemGroup>
</Project>